# THIS IS A MACHINE-GENERATED FILE. DO NOT EDIT MANUALLY.

[solution]
[solution.context]
solved = true
[[solution.state]]
crate = "gid"
fulfilment = "solved"
pinned = false
transitivity = "direct"
versions = "^9.0.0"
[solution.state.release]
authors = [
"Gautier de Montmollin",
]
description = "Decoding a broad variety of image formats"
licenses = "MIT"
maintainers = [
"fabien.chouteau@gmail.com",
]
maintainers-logins = [
"zertovitch",
"Fabien-Chouteau",
]
name = "gid"
project-files = [
"gid.gpr",
]
version = "9.0.0"
[solution.state.release.gpr-externals]
Build_Mode = [
"Debug",
"Fast_but_checked",
"Fast",
"Small",
"Smallest",
"Profiling",
]
[solution.state.release.origin]
hashes = [
"sha512:17722960f65382ce49dfde2ebe24b2adf1cd007ea9f170ec51d35c4a654ac78ddc3c1ba500e764e0c793d6f6aabb2c82a804a5570deb36a199f5b216c2c372e7",
]
url = "https://sourceforge.net/projects/gen-img-dec/files/gid_009.zip"
[[solution.state]]
crate = "openglada"
fulfilment = "solved"
pinned = false
transitivity = "direct"
versions = "~0.9.0"
[solution.state.release]
authors = [
"Felix Krause",
]
description = "Thick Ada binding for OpenGL"
licenses = "MIT"
maintainers = [
"Felix Krause <contact@flyx.org>",
]
maintainers-logins = [
"flyx",
]
name = "openglada"
project-files = [
"opengl.gpr",
]
version = "0.9.0"
website = "http://flyx.github.io/OpenGLAda/"
[solution.state.release.gpr-externals]
Auto_Exceptions = [
"enabled",
"disabled",
]
Mode = [
"debug",
"release",
]
[solution.state.release.gpr-set-externals]
Windowing_System = "quartz"
[solution.state.release.origin]
hashes = [
"sha512:4deb7effa92ea06c1fc9595700223b8169a85c15c4caf78221d2cfa95205260b5ba6d132d070b3f25d07549a6c9a8cde3b6405631a7d1ff487af8292c44a10e2",
]
url = "https://github.com/flyx/OpenGLAda/releases/download/v0.9.0/openglada-0.9.0.tgz"

